
Microsoft Visual Studio Solution File, Format Version 12.00
# Visual Studio 15
VisualStudioVersion = 15.0.28307.960
MinimumVisualStudioVersion = 10.0.40219.1
Project("{FAE04EC0-301F-11D3-BF4B-00C04F79EFBC}") = "ImageCaptureFromWebCam", "ImageCaptureFromWebCam\ImageCaptureFromWebCam.csproj", "{6924AF88-31D5-4058-A9D1-E5C7B91D4126}"
EndProject
Global
	GlobalSection(SolutionConfigurationPlatforms) = preSolution
		Debug|Any CPU = Debug|Any CPU
		Release|Any CPU = Release|Any CPU
	EndGlobalSection
	GlobalSection(ProjectConfigurationPlatforms) = postSolution
		{6924AF88-31D5-4058-A9D1-E5C7B91D4126}.Debug|Any CPU.ActiveCfg = Debug|Any CPU
		{6924AF88-31D5-4058-A9D1-E5C7B91D4126}.Debug|Any CPU.Build.0 = Debug|Any CPU
		{6924AF88-31D5-4058-A9D1-E5C7B91D4126}.Release|Any CPU.ActiveCfg = Release|Any CPU
		{6924AF88-31D5-4058-A9D1-E5C7B91D4126}.Release|Any CPU.Build.0 = Release|Any CPU
	EndGlobalSection
	GlobalSection(SolutionProperties) = preSolution
		HideSolutionNode = FALSE
	EndGlobalSection
	GlobalSection(ExtensibilityGlobals) = postSolution
		SolutionGuid = {AA3FB2E4-CF57-4695-8BBE-03518C1ABC49}
	EndGlobalSection
EndGlobal
